PODS:
  - Flutter (1.0.0)
  - flutter_authgear (0.1.0):
    - Flutter

DEPENDENCIES:
  - Flutter (from `Flutter`)
  - flutter_authgear (from `.symlinks/plugins/flutter_authgear/ios`)

EXTERNAL SOURCES:
  Flutter:
    :path: Flutter
  flutter_authgear:
    :path: ".symlinks/plugins/flutter_authgear/ios"

SPEC CHECKSUMS:
  Flutter: e0871f40cf51350855a761d2e70bf5af5b9b5de7
  flutter_authgear: c50fc59b92c35dbc8bbd51b15413ce050f374892

PODFILE CHECKSUM: 819463e6a0290f5a72f145ba7cde16e8b6ef0796

COCOAPODS: 1.15.2
